
Microsoft Visual Studio Solution File, Format Version 12.00
# Visual Studio Version 17
VisualStudioVersion = 17.11.35208.52
MinimumVisualStudioVersion = 10.0.40219.1
Project("{FAE04EC0-301F-11D3-BF4B-00C04F79EFBC}") = "accdb-isi", "accdb-isi.csproj", "{B04BABE7-25D2-4808-B34C-6BF4E18B6BAC}"
EndProject
Global
	GlobalSection(SolutionConfigurationPlatforms) = preSolution
		Debug|Any CPU = Debug|Any CPU
		Debug|x64 = Debug|x64
		Release|Any CPU = Release|Any CPU
		Release|x64 = Release|x64
	EndGlobalSection
	GlobalSection(ProjectConfigurationPlatforms) = postSolution
		{B04BABE7-25D2-4808-B34C-6BF4E18B6BAC}.Debug|Any CPU.ActiveCfg = Debug|Any CPU
		{B04BABE7-25D2-4808-B34C-6BF4E18B6BAC}.Debug|Any CPU.Build.0 = Debug|Any CPU
		{B04BABE7-25D2-4808-B34C-6BF4E18B6BAC}.Debug|x64.ActiveCfg = Debug|x64
		{B04BABE7-25D2-4808-B34C-6BF4E18B6BAC}.Debug|x64.Build.0 = Debug|x64
		{B04BABE7-25D2-4808-B34C-6BF4E18B6BAC}.Release|Any CPU.ActiveCfg = Release|Any CPU
		{B04BABE7-25D2-4808-B34C-6BF4E18B6BAC}.Release|Any CPU.Build.0 = Release|Any CPU
		{B04BABE7-25D2-4808-B34C-6BF4E18B6BAC}.Release|x64.ActiveCfg = Release|x64
		{B04BABE7-25D2-4808-B34C-6BF4E18B6BAC}.Release|x64.Build.0 = Release|x64
	EndGlobalSection
	GlobalSection(SolutionProperties) = preSolution
		HideSolutionNode = FALSE
	EndGlobalSection
	GlobalSection(ExtensibilityGlobals) = postSolution
		SolutionGuid = {FB64D9EF-6F0A-4502-80CD-40B67624B929}
	EndGlobalSection
EndGlobal
